<?xml version="1.0" encoding="utf-8"?>
<Project ToolsVersion="4.0" xmlns="http://schemas.microsoft.com/developer/msbuild/2003">
  <ItemGroup>
    <Filter Include="Source Files">
      <UniqueIdentifier>{4FC737F1-C7A5-4376-A066-2A32D752A2FF}</UniqueIdentifier>
      <Extensions>cpp;c;cc;cxx;c++;cppm;ixx;def;odl;idl;hpj;bat;asm;asmx</Extensions>
    </Filter>
    <Filter Include="Header Files">
      <UniqueIdentifier>{93995380-89BD-4b04-88EB-625FBE52EBFB}</UniqueIdentifier>
      <Extensions>h;hh;hpp;hxx;h++;hm;inl;inc;ipp;xsd</Extensions>
    </Filter>
    <Filter Include="Resource Files">
      <UniqueIdentifier>{67DA6AB6-F800-4c08-8B7A-83BB121AAD01}</UniqueIdentifier>
      <Extensions>rc;ico;cur;bmp;dlg;rc2;rct;bin;rgs;gif;jpg;jpeg;jpe;resx;tiff;tif;png;wav;mfcribbon-ms</Extensions>
    </Filter>
    <Filter Include="Source Files\Jobs">
      <UniqueIdentifier>{99bd3473-6c19-42c8-9663-2d139ed02d45}</UniqueIdentifier>
    </Filter>
    <Filter Include="Source Files\Operation">
      <UniqueIdentifier>{2202a714-5bbe-4c43-a51d-1406115563be}</UniqueIdentifier>
    </Filter>
    <Filter Include="Source Files\Machines">
      <UniqueIdentifier>{f85ed859-b97f-463c-be99-24aca3b64573}</UniqueIdentifier>
    </Filter>
    <Filter Include="Source Files\Main">
      <UniqueIdentifier>{d0ca4aac-1f2c-40b1-bfef-60991c7e91a0}</UniqueIdentifier>
    </Filter>
  </ItemGroup>
  <ItemGroup>
    <ClCompile Include="InsertNewOperation.c">
      <Filter>Source Files</Filter>
    </ClCompile>
    <ClCompile Include="RemoveParticularOperation.c">
      <Filter>Source Files</Filter>
    </ClCompile>
    <ClCompile Include="ReadAndWriteDataToFile.c">
      <Filter>Source Files</Filter>
    </ClCompile>
    <ClCompile Include="MinimalTimeOfJob.c">
      <Filter>Source Files</Filter>
    </ClCompile>
    <ClCompile Include="MaximalTimeOfJob.c">
      <Filter>Source Files</Filter>
    </ClCompile>
    <ClCompile Include="AverageTimeOfJob.c">
      <Filter>Source Files</Filter>
    </ClCompile>
    <ClCompile Include="ChangeParticularOperation.c">
      <Filter>Source Files</Filter>
    </ClCompile>
    <ClCompile Include="JobsMenu.c">
      <Filter>Source Files\Jobs</Filter>
    </ClCompile>
    <ClCompile Include="OperationMenu.c">
      <Filter>Source Files\Operation</Filter>
    </ClCompile>
    <ClCompile Include="MachinesMenu.c">
      <Filter>Source Files\Machines</Filter>
    </ClCompile>
    <ClCompile Include="JobsMain.c">
      <Filter>Source Files\Jobs</Filter>
    </ClCompile>
    <ClCompile Include="JobsOptionFromUser.c">
      <Filter>Source Files\Jobs</Filter>
    </ClCompile>
    <ClCompile Include="JobsInsertNewJob.c">
      <Filter>Source Files\Jobs</Filter>
    </ClCompile>
    <ClCompile Include="JobsRemoveJob.c">
      <Filter>Source Files\Jobs</Filter>
    </ClCompile>
    <ClCompile Include="JobsChangeParticularJob.c">
      <Filter>Source Files\Jobs</Filter>
    </ClCompile>
    <ClCompile Include="OperationChangeParticularOperation.c">
      <Filter>Source Files\Operation</Filter>
    </ClCompile>
    <ClCompile Include="Interface.c">
      <Filter>Source Files\Main</Filter>
    </ClCompile>
    <ClCompile Include="Main.c">
      <Filter>Source Files\Main</Filter>
    </ClCompile>
    <ClCompile Include="ShowAllOperation.c">
      <Filter>Source Files\Main</Filter>
    </ClCompile>
    <ClCompile Include="OptionFromUser.c">
      <Filter>Source Files\Main</Filter>
    </ClCompile>
    <ClCompile Include="OperationInsertNewOperation.c">
      <Filter>Source Files\Operation</Filter>
    </ClCompile>
    <ClCompile Include="OperationMain.c">
      <Filter>Source Files\Operation</Filter>
    </ClCompile>
    <ClCompile Include="OperationOptionFromUser.c">
      <Filter>Source Files\Operation</Filter>
    </ClCompile>
    <ClCompile Include="OperationRemoveOperation.c">
      <Filter>Source Files\Operation</Filter>
    </ClCompile>
  </ItemGroup>
  <ItemGroup>
    <ClInclude Include="Functions.h">
      <Filter>Header Files</Filter>
    </ClInclude>
    <ClInclude Include="Struct_Jobs.h">
      <Filter>Header Files</Filter>
    </ClInclude>
  </ItemGroup>
</Project>